
Microsoft Visual Studio Solution File, Format Version 12.00
# Visual Studio Version 16
VisualStudioVersion = 16.0.31729.503
MinimumVisualStudioVersion = 10.0.40219.1
Project("{FAE04EC0-301F-11D3-BF4B-00C04F79EFBC}") = "AGG-Productions", "AGG-Productions.csproj", "{7A570C52-F441-47AB-B2FC-3CA90E52A649}"
EndProject
Global
	GlobalSection(SolutionConfigurationPlatforms) = preSolution
		Debug|Any CPU = Debug|Any CPU
		Release|Any CPU = Release|Any CPU
	EndGlobalSection
	GlobalSection(ProjectConfigurationPlatforms) = postSolution
		{7A570C52-F441-47AB-B2FC-3CA90E52A649}.Debug|Any CPU.ActiveCfg = Debug|Any CPU
		{7A570C52-F441-47AB-B2FC-3CA90E52A649}.Debug|Any CPU.Build.0 = Debug|Any CPU
		{7A570C52-F441-47AB-B2FC-3CA90E52A649}.Release|Any CPU.ActiveCfg = Release|Any CPU
		{7A570C52-F441-47AB-B2FC-3CA90E52A649}.Release|Any CPU.Build.0 = Release|Any CPU
	EndGlobalSection
	GlobalSection(SolutionProperties) = preSolution
		HideSolutionNode = FALSE
	EndGlobalSection
	GlobalSection(ExtensibilityGlobals) = postSolution
		SolutionGuid = {426E4754-3F8C-49BF-A7BF-C4221FA4F671}
	EndGlobalSection
EndGlobal
